
Microsoft Visual Studio Solution File, Format Version 12.00
# Visual Studio Version 17
VisualStudioVersion = 17.5.002.0
MinimumVisualStudioVersion = 10.0.40219.1
Project("{9A19103F-16F7-4668-BE54-9A1E7A4F7556}") = "BlazorWebAssemblyApp", "BlazorWebAssemblyApp.csproj", "{8842C313-BAE2-4E8D-AAE3-D35620B0CC62}"
EndProject
Global
	GlobalSection(SolutionConfigurationPlatforms) = preSolution
		Debug|Any CPU = Debug|Any CPU
		Release|Any CPU = Release|Any CPU
	EndGlobalSection
	GlobalSection(ProjectConfigurationPlatforms) = postSolution
		{8842C313-BAE2-4E8D-AAE3-D35620B0CC62}.Debug|Any CPU.ActiveCfg = Debug|Any CPU
		{8842C313-BAE2-4E8D-AAE3-D35620B0CC62}.Debug|Any CPU.Build.0 = Debug|Any CPU
		{8842C313-BAE2-4E8D-AAE3-D35620B0CC62}.Release|Any CPU.ActiveCfg = Release|Any CPU
		{8842C313-BAE2-4E8D-AAE3-D35620B0CC62}.Release|Any CPU.Build.0 = Release|Any CPU
	EndGlobalSection
	GlobalSection(SolutionProperties) = preSolution
		HideSolutionNode = FALSE
	EndGlobalSection
	GlobalSection(ExtensibilityGlobals) = postSolution
		SolutionGuid = {70D6103F-5971-4CFF-A354-7F4A8AE13DD3}
	EndGlobalSection
EndGlobal
